
Microsoft Visual Studio Solution File, Format Version 12.00
# Visual Studio Version 16
VisualStudioVersion = 16.0.31424.327
MinimumVisualStudioVersion = 10.0.40219.1
Project("{FAE04EC0-301F-11D3-BF4B-00C04F79EFBC}") = "BitirmeProjesi", "BitirmeProjesi\BitirmeProjesi.csproj", "{8A8B4B7F-2C90-49A0-B6F7-4535327F40D0}"
EndProject
Global
	GlobalSection(SolutionConfigurationPlatforms) = preSolution
		Debug|Any CPU = Debug|Any CPU
		Release|Any CPU = Release|Any CPU
	EndGlobalSection
	GlobalSection(ProjectConfigurationPlatforms) = postSolution
		{8A8B4B7F-2C90-49A0-B6F7-4535327F40D0}.Debug|Any CPU.ActiveCfg = Debug|Any CPU
		{8A8B4B7F-2C90-49A0-B6F7-4535327F40D0}.Debug|Any CPU.Build.0 = Debug|Any CPU
		{8A8B4B7F-2C90-49A0-B6F7-4535327F40D0}.Release|Any CPU.ActiveCfg = Release|Any CPU
		{8A8B4B7F-2C90-49A0-B6F7-4535327F40D0}.Release|Any CPU.Build.0 = Release|Any CPU
	EndGlobalSection
	GlobalSection(SolutionProperties) = preSolution
		HideSolutionNode = FALSE
	EndGlobalSection
	GlobalSection(ExtensibilityGlobals) = postSolution
		SolutionGuid = {87DCFD7B-2742-466F-86FB-D3A4E3DBE0D0}
	EndGlobalSection
EndGlobal
