
Microsoft Visual Studio Solution File, Format Version 12.00
# Visual Studio 15
VisualStudioVersion = 15.0.28307.572
MinimumVisualStudioVersion = 10.0.40219.1
Project("{FAE04EC0-301F-11D3-BF4B-00C04F79EFBC}") = "BitirmeProjesi", "BitirmeProjesi\BitirmeProjesi.csproj", "{EDCD5445-DB3D-4E41-A762-9F6CD561C675}"
EndProject
Global
	GlobalSection(SolutionConfigurationPlatforms) = preSolution
		Debug|Any CPU = Debug|Any CPU
		Release|Any CPU = Release|Any CPU
	EndGlobalSection
	GlobalSection(ProjectConfigurationPlatforms) = postSolution
		{EDCD5445-DB3D-4E41-A762-9F6CD561C675}.Debug|Any CPU.ActiveCfg = Debug|Any CPU
		{EDCD5445-DB3D-4E41-A762-9F6CD561C675}.Debug|Any CPU.Build.0 = Debug|Any CPU
		{EDCD5445-DB3D-4E41-A762-9F6CD561C675}.Release|Any CPU.ActiveCfg = Release|Any CPU
		{EDCD5445-DB3D-4E41-A762-9F6CD561C675}.Release|Any CPU.Build.0 = Release|Any CPU
	EndGlobalSection
	GlobalSection(SolutionProperties) = preSolution
		HideSolutionNode = FALSE
	EndGlobalSection
	GlobalSection(ExtensibilityGlobals) = postSolution
		SolutionGuid = {1D669BA6-5D09-4D4C-8B87-AA00D8B16155}
	EndGlobalSection
EndGlobal
